
Microsoft Visual Studio Solution File, Format Version 12.00
# Visual Studio 15
VisualStudioVersion = 15.0.28307.372
MinimumVisualStudioVersion = 10.0.40219.1
Project("{FAE04EC0-301F-11D3-BF4B-00C04F79EFBC}") = "Bubble Sort", "Bubble Sort\Bubble Sort.csproj", "{45CEDC7C-4EAA-48EF-AC30-6835526D378F}"
EndProject
Global
	GlobalSection(SolutionConfigurationPlatforms) = preSolution
		Debug|Any CPU = Debug|Any CPU
		Release|Any CPU = Release|Any CPU
	EndGlobalSection
	GlobalSection(ProjectConfigurationPlatforms) = postSolution
		{45CEDC7C-4EAA-48EF-AC30-6835526D378F}.Debug|Any CPU.ActiveCfg = Debug|Any CPU
		{45CEDC7C-4EAA-48EF-AC30-6835526D378F}.Debug|Any CPU.Build.0 = Debug|Any CPU
		{45CEDC7C-4EAA-48EF-AC30-6835526D378F}.Release|Any CPU.ActiveCfg = Release|Any CPU
		{45CEDC7C-4EAA-48EF-AC30-6835526D378F}.Release|Any CPU.Build.0 = Release|Any CPU
	EndGlobalSection
	GlobalSection(SolutionProperties) = preSolution
		HideSolutionNode = FALSE
	EndGlobalSection
	GlobalSection(ExtensibilityGlobals) = postSolution
		SolutionGuid = {23422A33-75BA-49F1-9343-A55BF8E49EF9}
	EndGlobalSection
EndGlobal
